{
    "version": 3,
    "terraform_version": "0.11.7",
    "serial": 33,
    "lineage": "c2fc1164-f591-7dad-9f9d-a19781d48438",
    "modules": [
        {
            "path": [
                "root"
            ],
            "outputs": {},
            "resources": {
                "digitalocean_droplet.valhalla_web.0": {
                    "type": "digitalocean_droplet",
                    "depends_on": [
                        "digitalocean_tag.valhalla_tag"
                    ],
                    "primary": {
                        "id": "98262362",
                        "attributes": {
                            "disk": "20",
                            "id": "98262362",
                            "image": "35365524",
                            "ipv4_address": "206.189.228.124",
                            "locked": "false",
                            "name": "valhalla-qa1",
                            "price_hourly": "0.00744",
                            "price_monthly": "5",
                            "region": "nyc1",
                            "resize_disk": "true",
                            "size": "512mb",
                            "ssh_keys.#": "1",
                            "ssh_keys.0": "19215830",
                            "status": "active",
                            "tags.#": "1",
                            "tags.0": "dmz",
                            "user_data": "#cloud-config\nruncmd:\n  - /usr/bin/docker run -d -p 3000:3000 platzi\n",
                            "vcpus": "1"
                        },
                        "meta": {},
                        "tainted": false
                    },
                    "deposed": [],
                    "provider": "provider.digitalocean"
                },
                "digitalocean_droplet.valhalla_web.1": {
                    "type": "digitalocean_droplet",
                    "depends_on": [
                        "digitalocean_tag.valhalla_tag"
                    ],
                    "primary": {
                        "id": "98262360",
                        "attributes": {
                            "disk": "20",
                            "id": "98262360",
                            "image": "35365524",
                            "ipv4_address": "159.89.228.6",
                            "locked": "false",
                            "name": "valhalla-qa2",
                            "price_hourly": "0.00744",
                            "price_monthly": "5",
                            "region": "nyc1",
                            "resize_disk": "true",
                            "size": "512mb",
                            "ssh_keys.#": "1",
                            "ssh_keys.0": "19215830",
                            "status": "active",
                            "tags.#": "1",
                            "tags.0": "dmz",
                            "user_data": "#cloud-config\nruncmd:\n  - /usr/bin/docker run -d -p 3000:3000 platzi\n",
                            "vcpus": "1"
                        },
                        "meta": {},
                        "tainted": false
                    },
                    "deposed": [],
                    "provider": "provider.digitalocean"
                },
                "digitalocean_loadbalancer.valhalla_loadbalancer": {
                    "type": "digitalocean_loadbalancer",
                    "depends_on": [
                        "digitalocean_tag.valhalla_tag"
                    ],
                    "primary": {
                        "id": "457170b8-180c-4523-bb4d-5194a4e9618f",
                        "attributes": {
                            "algorithm": "round_robin",
                            "droplet_ids.#": "0",
                            "droplet_tag": "dmz",
                            "forwarding_rule.#": "1",
                            "forwarding_rule.0.certificate_id": "",
                            "forwarding_rule.0.entry_port": "80",
                            "forwarding_rule.0.entry_protocol": "http",
                            "forwarding_rule.0.target_port": "3000",
                            "forwarding_rule.0.target_protocol": "http",
                            "forwarding_rule.0.tls_passthrough": "false",
                            "healthcheck.#": "1",
                            "healthcheck.0.check_interval_seconds": "10",
                            "healthcheck.0.healthy_threshold": "5",
                            "healthcheck.0.path": "/",
                            "healthcheck.0.port": "3000",
                            "healthcheck.0.protocol": "http",
                            "healthcheck.0.response_timeout_seconds": "5",
                            "healthcheck.0.unhealthy_threshold": "3",
                            "id": "457170b8-180c-4523-bb4d-5194a4e9618f",
                            "ip": "174.138.127.112",
                            "name": "valhallaloadbalancer",
                            "redirect_http_to_https": "false",
                            "region": "nyc1",
                            "sticky_sessions.#": "1",
                            "sticky_sessions.0.cookie_name": "",
                            "sticky_sessions.0.cookie_ttl_seconds": "0",
                            "sticky_sessions.0.type": "none"
                        },
                        "meta": {},
                        "tainted": false
                    },
                    "deposed": [],
                    "provider": "provider.digitalocean"
                },
                "digitalocean_tag.valhalla_tag": {
                    "type": "digitalocean_tag",
                    "depends_on": [],
                    "primary": {
                        "id": "dmz",
                        "attributes": {
                            "id": "dmz",
                            "name": "dmz"
                        },
                        "meta": {},
                        "tainted": false
                    },
                    "deposed": [],
                    "provider": "provider.digitalocean"
                }
            },
            "depends_on": []
        }
    ]
}
